// !$*UTF8*$!
{
	archiveVersion = 1;
	classes = {
	};
	objectVersion = 56;
	objects = {

/* Begin PBXBuildFile section */
		572E0D8D2B09149700DD03F0 /* AppDelegate.swift in Sources */ = {isa = PBXBuildFile; fileRef = 572E0D8C2B09149700DD03F0 /* AppDelegate.swift */; };
		572E0D8F2B09149700DD03F0 /* SceneDelegate.swift in Sources */ = {isa = PBXBuildFile; fileRef = 572E0D8E2B09149700DD03F0 /* SceneDelegate.swift */; };
		572E0D912B09149700DD03F0 /* ViewController.swift in Sources */ = {isa = PBXBuildFile; fileRef = 572E0D902B09149700DD03F0 /* ViewController.swift */; };
		572E0D942B09149700DD03F0 /* Main.storyboard in Resources */ = {isa = PBXBuildFile; fileRef = 572E0D922B09149700DD03F0 /* Main.storyboard */; };
		572E0D962B09149A00DD03F0 /* Assets.xcassets in Resources */ = {isa = PBXBuildFile; fileRef = 572E0D952B09149A00DD03F0 /* Assets.xcassets */; };
		572E0D992B09149A00DD03F0 /* LaunchScreen.storyboard in Resources */ = {isa = PBXBuildFile; fileRef = 572E0D972B09149A00DD03F0 /* LaunchScreen.storyboard */; };
		572E0DA22B091A1900DD03F0 /* CollegeInfo.xcdatamodeld in Sources */ = {isa = PBXBuildFile; fileRef = 572E0DA02B091A1900DD03F0 /* CollegeInfo.xcdatamodeld */; };
		576AEFAE2B19871600690C3B /* Colleges.swift in Sources */ = {isa = PBXBuildFile; fileRef = 576AEFAD2B19871600690C3B /* Colleges.swift */; };
		57D322B32B096EC900CB9675 /* HomeViewController.swift in Sources */ = {isa = PBXBuildFile; fileRef = 57D322B22B096EC900CB9675 /* HomeViewController.swift */; };
		57F0070F2B09602900A69092 /* Utils.swift in Sources */ = {isa = PBXBuildFile; fileRef = 57F0070E2B09602900A69092 /* Utils.swift */; };
		57F0071A2B09610800A69092 /* manageCateViewController.swift in Sources */ = {isa = PBXBuildFile; fileRef = 57F007132B09610800A69092 /* manageCateViewController.swift */; };
		57F0071B2B09610800A69092 /* manageProgramViewController.swift in Sources */ = {isa = PBXBuildFile; fileRef = 57F007142B09610800A69092 /* manageProgramViewController.swift */; };
		57F0071C2B09610800A69092 /* manageCourseViewController.swift in Sources */ = {isa = PBXBuildFile; fileRef = 57F007152B09610800A69092 /* manageCourseViewController.swift */; };
		57F0071D2B09610800A69092 /* manageCollegeViewController.swift in Sources */ = {isa = PBXBuildFile; fileRef = 57F007162B09610800A69092 /* manageCollegeViewController.swift */; };
		57F0071F2B09610800A69092 /* enterMenuViewController.swift in Sources */ = {isa = PBXBuildFile; fileRef = 57F007182B09610800A69092 /* enterMenuViewController.swift */; };
		57F007212B09629D00A69092 /* LoginViewController.swift in Sources */ = {isa = PBXBuildFile; fileRef = 57F007202B09629D00A69092 /* LoginViewController.swift */; };
/* End PBXBuildFile section */

/* Begin PBXFileReference section */
		572E0D892B09149700DD03F0 /* HW8.app */ = {isa = PBXFileReference; explicitFileType = wrapper.application; includeInIndex = 0; path = HW8.app; sourceTree = BUILT_PRODUCTS_DIR; };
		572E0D8C2B09149700DD03F0 /* AppDelegate.swift */ = {isa = PBXFileReference; lastKnownFileType = sourcecode.swift; path = AppDelegate.swift; sourceTree = "<group>"; };
		572E0D8E2B09149700DD03F0 /* SceneDelegate.swift */ = {isa = PBXFileReference; lastKnownFileType = sourcecode.swift; path = SceneDelegate.swift; sourceTree = "<group>"; };
		572E0D902B09149700DD03F0 /* ViewController.swift */ = {isa = PBXFileReference; lastKnownFileType = sourcecode.swift; path = ViewController.swift; sourceTree = "<group>"; };
		572E0D932B09149700DD03F0 /* Base */ = {isa = PBXFileReference; lastKnownFileType = file.storyboard; name = Base; path = Base.lproj/Main.storyboard; sourceTree = "<group>"; };
		572E0D952B09149A00DD03F0 /* Assets.xcassets */ = {isa = PBXFileReference; lastKnownFileType = folder.assetcatalog; path = Assets.xcassets; sourceTree = "<group>"; };
		572E0D982B09149A00DD03F0 /* Base */ = {isa = PBXFileReference; lastKnownFileType = file.storyboard; name = Base; path = Base.lproj/LaunchScreen.storyboard; sourceTree = "<group>"; };
		572E0D9A2B09149A00DD03F0 /* Info.plist */ = {isa = PBXFileReference; lastKnownFileType = text.plist.xml; path = Info.plist; sourceTree = "<group>"; };
		572E0DA12B091A1900DD03F0 /* CollegeInfo.xcdatamodel */ = {isa = PBXFileReference; lastKnownFileType = wrapper.xcdatamodel; path = CollegeInfo.xcdatamodel; sourceTree = "<group>"; };
		576AEFAD2B19871600690C3B /* Colleges.swift */ = {isa = PBXFileReference; lastKnownFileType = sourcecode.swift; path = Colleges.swift; sourceTree = "<group>"; };
		57D322B22B096EC900CB9675 /* HomeViewController.swift */ = {isa = PBXFileReference; lastKnownFileType = sourcecode.swift; path = HomeViewController.swift; sourceTree = "<group>"; };
		57F0070E2B09602900A69092 /* Utils.swift */ = {isa = PBXFileReference; fileEncoding = 4; lastKnownFileType = sourcecode.swift; path = Utils.swift; sourceTree = "<group>"; };
		57F007132B09610800A69092 /* manageCateViewController.swift */ = {isa = PBXFileReference; fileEncoding = 4; lastKnownFileType = sourcecode.swift; path = manageCateViewController.swift; sourceTree = "<group>"; };
		57F007142B09610800A69092 /* manageProgramViewController.swift */ = {isa = PBXFileReference; fileEncoding = 4; lastKnownFileType = sourcecode.swift; path = manageProgramViewController.swift; sourceTree = "<group>"; };
		57F007152B09610800A69092 /* manageCourseViewController.swift */ = {isa = PBXFileReference; fileEncoding = 4; lastKnownFileType = sourcecode.swift; path = manageCourseViewController.swift; sourceTree = "<group>"; };
		57F007162B09610800A69092 /* manageCollegeViewController.swift */ = {isa = PBXFileReference; fileEncoding = 4; lastKnownFileType = sourcecode.swift; path = manageCollegeViewController.swift; sourceTree = "<group>"; };
		57F007182B09610800A69092 /* enterMenuViewController.swift */ = {isa = PBXFileReference; fileEncoding = 4; lastKnownFileType = sourcecode.swift; path = enterMenuViewController.swift; sourceTree = "<group>"; };
		57F007202B09629D00A69092 /* LoginViewController.swift */ = {isa = PBXFileReference; lastKnownFileType = sourcecode.swift; path = LoginViewController.swift; sourceTree = "<group>"; };
/* End PBXFileReference section */

/* Begin PBXFrameworksBuildPhase section */
		572E0D862B09149700DD03F0 /* Frameworks */ = {
			isa = PBXFrameworksBuildPhase;
			buildActionMask = 2147483647;
			files = (
			);
			runOnlyForDeploymentPostprocessing = 0;
		};
/* End PBXFrameworksBuildPhase section */

/* Begin PBXGroup section */
		572E0D802B09149700DD03F0 = {
			isa = PBXGroup;
			children = (
				572E0D8B2B09149700DD03F0 /* HW8 */,
				572E0D8A2B09149700DD03F0 /* Products */,
			);
			sourceTree = "<group>";
		};
		572E0D8A2B09149700DD03F0 /* Products */ = {
			isa = PBXGroup;
			children = (
				572E0D892B09149700DD03F0 /* HW8.app */,
			);
			name = Products;
			sourceTree = "<group>";
		};
		572E0D8B2B09149700DD03F0 /* HW8 */ = {
			isa = PBXGroup;
			children = (
				576AEFAC2B1986FE00690C3B /* Models */,
				57F007092B095F7800A69092 /* Utils */,
				577AE0332B095D2F00F13C1D /* Controllers */,
				572E0D8C2B09149700DD03F0 /* AppDelegate.swift */,
				572E0D8E2B09149700DD03F0 /* SceneDelegate.swift */,
				572E0D902B09149700DD03F0 /* ViewController.swift */,
				572E0D922B09149700DD03F0 /* Main.storyboard */,
				572E0D952B09149A00DD03F0 /* Assets.xcassets */,
				572E0D972B09149A00DD03F0 /* LaunchScreen.storyboard */,
				572E0D9A2B09149A00DD03F0 /* Info.plist */,
				572E0DA02B091A1900DD03F0 /* CollegeInfo.xcdatamodeld */,
			);
			path = HW8;
			sourceTree = "<group>";
		};
		576AEFAC2B1986FE00690C3B /* Models */ = {
			isa = PBXGroup;
			children = (
				576AEFAD2B19871600690C3B /* Colleges.swift */,
			);
			path = Models;
			sourceTree = "<group>";
		};
		577AE0332B095D2F00F13C1D /* Controllers */ = {
			isa = PBXGroup;
			children = (
				57F007182B09610800A69092 /* enterMenuViewController.swift */,
				57F007132B09610800A69092 /* manageCateViewController.swift */,
				57F007162B09610800A69092 /* manageCollegeViewController.swift */,
				57F007152B09610800A69092 /* manageCourseViewController.swift */,
				57F007142B09610800A69092 /* manageProgramViewController.swift */,
				57F007202B09629D00A69092 /* LoginViewController.swift */,
				57D322B22B096EC900CB9675 /* HomeViewController.swift */,
			);
			path = Controllers;
			sourceTree = "<group>";
		};
		57F007092B095F7800A69092 /* Utils */ = {
			isa = PBXGroup;
			children = (
				57F0070E2B09602900A69092 /* Utils.swift */,
			);
			path = Utils;
			sourceTree = "<group>";
		};
/* End PBXGroup section */

/* Begin PBXNativeTarget section */
		572E0D882B09149700DD03F0 /* HW8 */ = {
			isa = PBXNativeTarget;
			buildConfigurationList = 572E0D9D2B09149A00DD03F0 /* Build configuration list for PBXNativeTarget "HW8" */;
			buildPhases = (
				572E0D852B09149700DD03F0 /* Sources */,
				572E0D862B09149700DD03F0 /* Frameworks */,
				572E0D872B09149700DD03F0 /* Resources */,
			);
			buildRules = (
			);
			dependencies = (
			);
			name = HW8;
			productName = HW8;
			productReference = 572E0D892B09149700DD03F0 /* HW8.app */;
			productType = "com.apple.product-type.application";
		};
/* End PBXNativeTarget section */

/* Begin PBXProject section */
		572E0D812B09149700DD03F0 /* Project object */ = {
			isa = PBXProject;
			attributes = {
				BuildIndependentTargetsInParallel = 1;
				LastSwiftUpdateCheck = 1400;
				LastUpgradeCheck = 1400;
				TargetAttributes = {
					572E0D882B09149700DD03F0 = {
						CreatedOnToolsVersion = 14.0;
					};
				};
			};
			buildConfigurationList = 572E0D842B09149700DD03F0 /* Build configuration list for PBXProject "HW8" */;
			compatibilityVersion = "Xcode 14.0";
			developmentRegion = en;
			hasScannedForEncodings = 0;
			knownRegions = (
				en,
				Base,
			);
			mainGroup = 572E0D802B09149700DD03F0;
			productRefGroup = 572E0D8A2B09149700DD03F0 /* Products */;
			projectDirPath = "";
			projectRoot = "";
			targets = (
				572E0D882B09149700DD03F0 /* HW8 */,
			);
		};
/* End PBXProject section */

/* Begin PBXResourcesBuildPhase section */
		572E0D872B09149700DD03F0 /* Resources */ = {
			isa = PBXResourcesBuildPhase;
			buildActionMask = 2147483647;
			files = (
				572E0D992B09149A00DD03F0 /* LaunchScreen.storyboard in Resources */,
				572E0D962B09149A00DD03F0 /* Assets.xcassets in Resources */,
				572E0D942B09149700DD03F0 /* Main.storyboard in Resources */,
			);
			runOnlyForDeploymentPostprocessing = 0;
		};
/* End PBXResourcesBuildPhase section */

/* Begin PBXSourcesBuildPhase section */
		572E0D852B09149700DD03F0 /* Sources */ = {
			isa = PBXSourcesBuildPhase;
			buildActionMask = 2147483647;
			files = (
				572E0D912B09149700DD03F0 /* ViewController.swift in Sources */,
				57F0070F2B09602900A69092 /* Utils.swift in Sources */,
				57F007212B09629D00A69092 /* LoginViewController.swift in Sources */,
				572E0D8D2B09149700DD03F0 /* AppDelegate.swift in Sources */,
				57D322B32B096EC900CB9675 /* HomeViewController.swift in Sources */,
				572E0D8F2B09149700DD03F0 /* SceneDelegate.swift in Sources */,
				576AEFAE2B19871600690C3B /* Colleges.swift in Sources */,
				57F0071B2B09610800A69092 /* manageProgramViewController.swift in Sources */,
				57F0071F2B09610800A69092 /* enterMenuViewController.swift in Sources */,
				57F0071A2B09610800A69092 /* manageCateViewController.swift in Sources */,
				57F0071C2B09610800A69092 /* manageCourseViewController.swift in Sources */,
				57F0071D2B09610800A69092 /* manageCollegeViewController.swift in Sources */,
				572E0DA22B091A1900DD03F0 /* CollegeInfo.xcdatamodeld in Sources */,
			);
			runOnlyForDeploymentPostprocessing = 0;
		};
/* End PBXSourcesBuildPhase section */

/* Begin PBXVariantGroup section */
		572E0D922B09149700DD03F0 /* Main.storyboard */ = {
			isa = PBXVariantGroup;
			children = (
				572E0D932B09149700DD03F0 /* Base */,
			);
			name = Main.storyboard;
			sourceTree = "<group>";
		};
		572E0D972B09149A00DD03F0 /* LaunchScreen.storyboard */ = {
			isa = PBXVariantGroup;
			children = (
				572E0D982B09149A00DD03F0 /* Base */,
			);
			name = LaunchScreen.storyboard;
			sourceTree = "<group>";
		};
/* End PBXVariantGroup section */

/* Begin XCBuildConfiguration section */
		572E0D9B2B09149A00DD03F0 /* Debug */ = {
			isa = XCBuildConfiguration;
			buildSettings = {
				ALWAYS_SEARCH_USER_PATHS = NO;
				CLANG_ANALYZER_NONNULL = YES;
				CLANG_ANALYZER_NUMBER_OBJECT_CONVERSION = YES_AGGRESSIVE;
				CLANG_CXX_LANGUAGE_STANDARD = "gnu++20";
				CLANG_ENABLE_MODULES = YES;
				CLANG_ENABLE_OBJC_ARC = YES;
				CLANG_ENABLE_OBJC_WEAK = YES;
				CLANG_WARN_BLOCK_CAPTURE_AUTORELEASING = YES;
				CLANG_WARN_BOOL_CONVERSION = YES;
				CLANG_WARN_COMMA = YES;
				CLANG_WARN_CONSTANT_CONVERSION = YES;
				CLANG_WARN_DEPRECATED_OBJC_IMPLEMENTATIONS = YES;
				CLANG_WARN_DIRECT_OBJC_ISA_USAGE = YES_ERROR;
				CLANG_WARN_DOCUMENTATION_COMMENTS = YES;
				CLANG_WARN_EMPTY_BODY = YES;
				CLANG_WARN_ENUM_CONVERSION = YES;
				CLANG_WARN_INFINITE_RECURSION = YES;
				CLANG_WARN_INT_CONVERSION = YES;
				CLANG_WARN_NON_LITERAL_NULL_CONVERSION = YES;
				CLANG_WARN_OBJC_IMPLICIT_RETAIN_SELF = YES;
				CLANG_WARN_OBJC_LITERAL_CONVERSION = YES;
				CLANG_WARN_OBJC_ROOT_CLASS = YES_ERROR;
				CLANG_WARN_QUOTED_INCLUDE_IN_FRAMEWORK_HEADER = YES;
				CLANG_WARN_RANGE_LOOP_ANALYSIS = YES;
				CLANG_WARN_STRICT_PROTOTYPES = YES;
				CLANG_WARN_SUSPICIOUS_MOVE = YES;
				CLANG_WARN_UNGUARDED_AVAILABILITY = YES_AGGRESSIVE;
				CLANG_WARN_UNREACHABLE_CODE = YES;
				CLANG_WARN__DUPLICATE_METHOD_MATCH = YES;
				COPY_PHASE_STRIP = NO;
				DEBUG_INFORMATION_FORMAT = dwarf;
				ENABLE_STRICT_OBJC_MSGSEND = YES;
				ENABLE_TESTABILITY = YES;
				GCC_C_LANGUAGE_STANDARD = gnu11;
				GCC_DYNAMIC_NO_PIC = NO;
				GCC_NO_COMMON_BLOCKS = YES;
				GCC_OPTIMIZATION_LEVEL = 0;
				GCC_PREPROCESSOR_DEFINITIONS = (
					"DEBUG=1",
					"$(inherited)",
				);
				GCC_WARN_64_TO_32_BIT_CONVERSION = YES;
				GCC_WARN_ABOUT_RETURN_TYPE = YES_ERROR;
				GCC_WARN_UNDECLARED_SELECTOR = YES;
				GCC_WARN_UNINITIALIZED_AUTOS = YES_AGGRESSIVE;
				GCC_WARN_UNUSED_FUNCTION = YES;
				GCC_WARN_UNUSED_VARIABLE = YES;
				IPHONEOS_DEPLOYMENT_TARGET = 16.0;
				MTL_ENABLE_DEBUG_INFO = INCLUDE_SOURCE;
				MTL_FAST_MATH = YES;
				ONLY_ACTIVE_ARCH = YES;
				SDKROOT = iphoneos;
				SWIFT_ACTIVE_COMPILATION_CONDITIONS = DEBUG;
				SWIFT_OPTIMIZATION_LEVEL = "-Onone";
			};
			name = Debug;
		};
		572E0D9C2B09149A00DD03F0 /* Release */ = {
			isa = XCBuildConfiguration;
			buildSettings = {
				ALWAYS_SEARCH_USER_PATHS = NO;
				CLANG_ANALYZER_NONNULL = YES;
				CLANG_ANALYZER_NUMBER_OBJECT_CONVERSION = YES_AGGRESSIVE;
				CLANG_CXX_LANGUAGE_STANDARD = "gnu++20";
				CLANG_ENABLE_MODULES = YES;
				CLANG_ENABLE_OBJC_ARC = YES;
				CLANG_ENABLE_OBJC_WEAK = YES;
				CLANG_WARN_BLOCK_CAPTURE_AUTORELEASING = YES;
				CLANG_WARN_BOOL_CONVERSION = YES;
				CLANG_WARN_COMMA = YES;
				CLANG_WARN_CONSTANT_CONVERSION = YES;
				CLANG_WARN_DEPRECATED_OBJC_IMPLEMENTATIONS = YES;
				CLANG_WARN_DIRECT_OBJC_ISA_USAGE = YES_ERROR;
				CLANG_WARN_DOCUMENTATION_COMMENTS = YES;
				CLANG_WARN_EMPTY_BODY = YES;
				CLANG_WARN_ENUM_CONVERSION = YES;
				CLANG_WARN_INFINITE_RECURSION = YES;
				CLANG_WARN_INT_CONVERSION = YES;
				CLANG_WARN_NON_LITERAL_NULL_CONVERSION = YES;
				CLANG_WARN_OBJC_IMPLICIT_RETAIN_SELF = YES;
				CLANG_WARN_OBJC_LITERAL_CONVERSION = YES;
				CLANG_WARN_OBJC_ROOT_CLASS = YES_ERROR;
				CLANG_WARN_QUOTED_INCLUDE_IN_FRAMEWORK_HEADER = YES;
				CLANG_WARN_RANGE_LOOP_ANALYSIS = YES;
				CLANG_WARN_STRICT_PROTOTYPES = YES;
				CLANG_WARN_SUSPICIOUS_MOVE = YES;
				CLANG_WARN_UNGUARDED_AVAILABILITY = YES_AGGRESSIVE;
				CLANG_WARN_UNREACHABLE_CODE = YES;
				CLANG_WARN__DUPLICATE_METHOD_MATCH = YES;
				COPY_PHASE_STRIP = NO;
				DEBUG_INFORMATION_FORMAT = "dwarf-with-dsym";
				ENABLE_NS_ASSERTIONS = NO;
				ENABLE_STRICT_OBJC_MSGSEND = YES;
				GCC_C_LANGUAGE_STANDARD = gnu11;
				GCC_NO_COMMON_BLOCKS = YES;
				GCC_WARN_64_TO_32_BIT_CONVERSION = YES;
				GCC_WARN_ABOUT_RETURN_TYPE = YES_ERROR;
				GCC_WARN_UNDECLARED_SELECTOR = YES;
				GCC_WARN_UNINITIALIZED_AUTOS = YES_AGGRESSIVE;
				GCC_WARN_UNUSED_FUNCTION = YES;
				GCC_WARN_UNUSED_VARIABLE = YES;
				IPHONEOS_DEPLOYMENT_TARGET = 16.0;
				MTL_ENABLE_DEBUG_INFO = NO;
				MTL_FAST_MATH = YES;
				SDKROOT = iphoneos;
				SWIFT_COMPILATION_MODE = wholemodule;
				SWIFT_OPTIMIZATION_LEVEL = "-O";
				VALIDATE_PRODUCT = YES;
			};
			name = Release;
		};
		572E0D9E2B09149A00DD03F0 /* Debug */ = {
			isa = XCBuildConfiguration;
			buildSettings = {
				ASSETCATALOG_COMPILER_APPICON_NAME = AppIcon;
				ASSETCATALOG_COMPILER_GLOBAL_ACCENT_COLOR_NAME = AccentColor;
				CODE_SIGN_STYLE = Automatic;
				CURRENT_PROJECT_VERSION = 1;
				GENERATE_INFOPLIST_FILE = YES;
				INFOPLIST_FILE = HW8/Info.plist;
				INFOPLIST_KEY_UIApplicationSupportsIndirectInputEvents = YES;
				INFOPLIST_KEY_UILaunchStoryboardName = LaunchScreen;
				INFOPLIST_KEY_UIMainStoryboardFile = Main;
				INFOPLIST_KEY_UISupportedInterfaceOrientations_iPad = "UIInterfaceOrientationPortrait UIInterfaceOrientationPortraitUpsideDown UIInterfaceOrientationLandscapeLeft UIInterfaceOrientationLandscapeRight";
				INFOPLIST_KEY_UISupportedInterfaceOrientations_iPhone = "UIInterfaceOrientationPortrait UIInterfaceOrientationLandscapeLeft UIInterfaceOrientationLandscapeRight";
				LD_RUNPATH_SEARCH_PATHS = (
					"$(inherited)",
					"@executable_path/Frameworks",
				);
				MARKETING_VERSION = 1.0;
				PRODUCT_BUNDLE_IDENTIFIER = I6350.HW8;
				PRODUCT_NAME = "$(TARGET_NAME)";
				SWIFT_EMIT_LOC_STRINGS = YES;
				SWIFT_VERSION = 5.0;
				TARGETED_DEVICE_FAMILY = "1,2";
			};
			name = Debug;
		};
		572E0D9F2B09149A00DD03F0 /* Release */ = {
			isa = XCBuildConfiguration;
			buildSettings = {
				ASSETCATALOG_COMPILER_APPICON_NAME = AppIcon;
				ASSETCATALOG_COMPILER_GLOBAL_ACCENT_COLOR_NAME = AccentColor;
				CODE_SIGN_STYLE = Automatic;
				CURRENT_PROJECT_VERSION = 1;
				GENERATE_INFOPLIST_FILE = YES;
				INFOPLIST_FILE = HW8/Info.plist;
				INFOPLIST_KEY_UIApplicationSupportsIndirectInputEvents = YES;
				INFOPLIST_KEY_UILaunchStoryboardName = LaunchScreen;
				INFOPLIST_KEY_UIMainStoryboardFile = Main;
				INFOPLIST_KEY_UISupportedInterfaceOrientations_iPad = "UIInterfaceOrientationPortrait UIInterfaceOrientationPortraitUpsideDown UIInterfaceOrientationLandscapeLeft UIInterfaceOrientationLandscapeRight";
				INFOPLIST_KEY_UISupportedInterfaceOrientations_iPhone = "UIInterfaceOrientationPortrait UIInterfaceOrientationLandscapeLeft UIInterfaceOrientationLandscapeRight";
				LD_RUNPATH_SEARCH_PATHS = (
					"$(inherited)",
					"@executable_path/Frameworks",
				);
				MARKETING_VERSION = 1.0;
				PRODUCT_BUNDLE_IDENTIFIER = I6350.HW8;
				PRODUCT_NAME = "$(TARGET_NAME)";
				SWIFT_EMIT_LOC_STRINGS = YES;
				SWIFT_VERSION = 5.0;
				TARGETED_DEVICE_FAMILY = "1,2";
			};
			name = Release;
		};
/* End XCBuildConfiguration section */

/* Begin XCConfigurationList section */
		572E0D842B09149700DD03F0 /* Build configuration list for PBXProject "HW8" */ = {
			isa = XCConfigurationList;
			buildConfigurations = (
				572E0D9B2B09149A00DD03F0 /* Debug */,
				572E0D9C2B09149A00DD03F0 /* Release */,
			);
			defaultConfigurationIsVisible = 0;
			defaultConfigurationName = Release;
		};
		572E0D9D2B09149A00DD03F0 /* Build configuration list for PBXNativeTarget "HW8" */ = {
			isa = XCConfigurationList;
			buildConfigurations = (
				572E0D9E2B09149A00DD03F0 /* Debug */,
				572E0D9F2B09149A00DD03F0 /* Release */,
			);
			defaultConfigurationIsVisible = 0;
			defaultConfigurationName = Release;
		};
/* End XCConfigurationList section */

/* Begin XCVersionGroup section */
		572E0DA02B091A1900DD03F0 /* CollegeInfo.xcdatamodeld */ = {
			isa = XCVersionGroup;
			children = (
				572E0DA12B091A1900DD03F0 /* CollegeInfo.xcdatamodel */,
			);
			currentVersion = 572E0DA12B091A1900DD03F0 /* CollegeInfo.xcdatamodel */;
			name = CollegeInfo.xcdatamodeld;
			path = ../../EmptyApp/CollegeInfo.xcdatamodeld;
			sourceTree = "<group>";
			versionGroupType = wrapper.xcdatamodel;
		};
/* End XCVersionGroup section */
	};
	rootObject = 572E0D812B09149700DD03F0 /* Project object */;
}
